<?xml version="1.0" encoding="utf-8"?>
<Project ToolsVersion="4.0" xmlns="http://schemas.microsoft.com/developer/msbuild/2003">
  <ItemGroup>
    <Filter Include="ソース ファイル">
      <UniqueIdentifier>{4FC737F1-C7A5-4376-A066-2A32D752A2FF}</UniqueIdentifier>
      <Extensions>cpp;c;cc;cxx;c++;cppm;ixx;def;odl;idl;hpj;bat;asm;asmx</Extensions>
    </Filter>
    <Filter Include="ヘッダー ファイル">
      <UniqueIdentifier>{93995380-89BD-4b04-88EB-625FBE52EBFB}</UniqueIdentifier>
      <Extensions>h;hh;hpp;hxx;h++;hm;inl;inc;ipp;xsd</Extensions>
    </Filter>
    <Filter Include="リソース ファイル">
      <UniqueIdentifier>{67DA6AB6-F800-4c08-8B7A-83BB121AAD01}</UniqueIdentifier>
      <Extensions>rc;ico;cur;bmp;dlg;rc2;rct;bin;rgs;gif;jpg;jpeg;jpe;resx;tiff;tif;png;wav;mfcribbon-ms</Extensions>
    </Filter>
    <Filter Include="ソース ファイル\lib">
      <UniqueIdentifier>{099104ec-95e4-4ffd-8803-7e48e9795088}</UniqueIdentifier>
    </Filter>
    <Filter Include="ソース ファイル\solver">
      <UniqueIdentifier>{51c1b83b-7123-4b38-84c3-d3560e714f61}</UniqueIdentifier>
    </Filter>
  </ItemGroup>
  <ItemGroup>
    <ClCompile Include="puzzle.cpp">
      <Filter>ソース ファイル</Filter>
    </ClCompile>
    <ClCompile Include="lib.cpp">
      <Filter>ソース ファイル\lib</Filter>
    </ClCompile>
    <ClCompile Include="hand_power.cpp">
      <Filter>ソース ファイル\solver</Filter>
    </ClCompile>
    <ClCompile Include="idastar.cpp">
      <Filter>ソース ファイル\solver</Filter>
    </ClCompile>
    <ClCompile Include="idastar_minsel.cpp">
      <Filter>ソース ファイル\solver</Filter>
    </ClCompile>
  </ItemGroup>
  <ItemGroup>
    <ClInclude Include="answer.h">
      <Filter>ソース ファイル\lib</Filter>
    </ClInclude>
    <ClInclude Include="lib.h">
      <Filter>ソース ファイル\lib</Filter>
    </ClInclude>
    <ClInclude Include="hand_power.h">
      <Filter>ソース ファイル\solver</Filter>
    </ClInclude>
    <ClInclude Include="idastar.h">
      <Filter>ソース ファイル\solver</Filter>
    </ClInclude>
    <ClInclude Include="idastar_minsel.h">
      <Filter>ソース ファイル\solver</Filter>
    </ClInclude>
  </ItemGroup>
</Project>